
Microsoft Visual Studio Solution File, Format Version 12.00
# Visual Studio 15
Project("{FAE04EC0-301F-11D3-BF4B-00C04F79EFBC}") = "SimpleWebTransport", "SimpleWebTransport.csproj", "{E07B3722-64ED-9958-064D-E0B5971C721A}"
EndProject
Project("{FAE04EC0-301F-11D3-BF4B-00C04F79EFBC}") = "Mirror", "Mirror.csproj", "{D6485729-FE3E-EA7C-C9CF-2B0AB391CA72}"
EndProject
Project("{FAE04EC0-301F-11D3-BF4B-00C04F79EFBC}") = "Telepathy", "Telepathy.csproj", "{7EABDB62-58AC-B8F2-2529-9C54B914ECA7}"
EndProject
Project("{FAE04EC0-301F-11D3-BF4B-00C04F79EFBC}") = "Assembly-CSharp", "Assembly-CSharp.csproj", "{31E1C7D6-7D38-74D4-4C6F-2877485C8822}"
EndProject
Project("{FAE04EC0-301F-11D3-BF4B-00C04F79EFBC}") = "Mirror.Cloud", "Mirror.Cloud.csproj", "{1433826E-B821-8FEE-FEEC-F369BE7F3F6F}"
EndProject
Project("{FAE04EC0-301F-11D3-BF4B-00C04F79EFBC}") = "Mirror.Components", "Mirror.Components.csproj", "{68F54AAD-63CF-4BC9-DAB5-CB22A543B5A1}"
EndProject
Project("{FAE04EC0-301F-11D3-BF4B-00C04F79EFBC}") = "Mirror.Examples", "Mirror.Examples.csproj", "{0DA97D77-53F2-7623-8FA1-85E68936AE27}"
EndProject
Project("{FAE04EC0-301F-11D3-BF4B-00C04F79EFBC}") = "Mirror.Examples.Cloud.GUI", "Mirror.Examples.Cloud.GUI.csproj", "{9ED13512-9A6D-DD97-E442-3A01BF5C36E2}"
EndProject
Project("{FAE04EC0-301F-11D3-BF4B-00C04F79EFBC}") = "Mirror.Examples.Cloud.Pong", "Mirror.Examples.Cloud.Pong.csproj", "{606D011E-0400-F735-CE0F-369325FDB818}"
EndProject
Project("{FAE04EC0-301F-11D3-BF4B-00C04F79EFBC}") = "Mirror.Authenticators", "Mirror.Authenticators.csproj", "{ED0DAA9B-290F-7241-89E4-E11D1CC8C7AE}"
EndProject
Project("{FAE04EC0-301F-11D3-BF4B-00C04F79EFBC}") = "Mirror.example.RigidbodyPhysics", "Mirror.example.RigidbodyPhysics.csproj", "{7CAF8B70-F953-078C-9325-13DD3544F846}"
EndProject
Project("{FAE04EC0-301F-11D3-BF4B-00C04F79EFBC}") = "Mirror.Weaver", "Mirror.Weaver.csproj", "{247D6945-6CED-B846-C74B-538B86C703D5}"
EndProject
Project("{FAE04EC0-301F-11D3-BF4B-00C04F79EFBC}") = "Mirror.Editor", "Mirror.Editor.csproj", "{DC070DBC-5DA8-3644-1A05-103A7FC6F9EB}"
EndProject
Project("{FAE04EC0-301F-11D3-BF4B-00C04F79EFBC}") = "Mirror.CompilerSymbols", "Mirror.CompilerSymbols.csproj", "{2BD07479-E833-F05C-D886-8BEC180A120F}"
EndProject
Global
	GlobalSection(SolutionConfigurationPlatforms) = preSolution
		Debug|Any CPU = Debug|Any CPU
		Release|Any CPU = Release|Any CPU
	EndGlobalSection
	GlobalSection(ProjectConfigurationPlatforms) = postSolution
		{E07B3722-64ED-9958-064D-E0B5971C721A}.Debug|Any CPU.ActiveCfg = Debug|Any CPU
		{E07B3722-64ED-9958-064D-E0B5971C721A}.Debug|Any CPU.Build.0 = Debug|Any CPU
		{E07B3722-64ED-9958-064D-E0B5971C721A}.Release|Any CPU.ActiveCfg = Release|Any CPU
		{E07B3722-64ED-9958-064D-E0B5971C721A}.Release|Any CPU.Build.0 = Release|Any CPU
		{D6485729-FE3E-EA7C-C9CF-2B0AB391CA72}.Debug|Any CPU.ActiveCfg = Debug|Any CPU
		{D6485729-FE3E-EA7C-C9CF-2B0AB391CA72}.Debug|Any CPU.Build.0 = Debug|Any CPU
		{D6485729-FE3E-EA7C-C9CF-2B0AB391CA72}.Release|Any CPU.ActiveCfg = Release|Any CPU
		{D6485729-FE3E-EA7C-C9CF-2B0AB391CA72}.Release|Any CPU.Build.0 = Release|Any CPU
		{7EABDB62-58AC-B8F2-2529-9C54B914ECA7}.Debug|Any CPU.ActiveCfg = Debug|Any CPU
		{7EABDB62-58AC-B8F2-2529-9C54B914ECA7}.Debug|Any CPU.Build.0 = Debug|Any CPU
		{7EABDB62-58AC-B8F2-2529-9C54B914ECA7}.Release|Any CPU.ActiveCfg = Release|Any CPU
		{7EABDB62-58AC-B8F2-2529-9C54B914ECA7}.Release|Any CPU.Build.0 = Release|Any CPU
		{31E1C7D6-7D38-74D4-4C6F-2877485C8822}.Debug|Any CPU.ActiveCfg = Debug|Any CPU
		{31E1C7D6-7D38-74D4-4C6F-2877485C8822}.Debug|Any CPU.Build.0 = Debug|Any CPU
		{31E1C7D6-7D38-74D4-4C6F-2877485C8822}.Release|Any CPU.ActiveCfg = Release|Any CPU
		{31E1C7D6-7D38-74D4-4C6F-2877485C8822}.Release|Any CPU.Build.0 = Release|Any CPU
		{1433826E-B821-8FEE-FEEC-F369BE7F3F6F}.Debug|Any CPU.ActiveCfg = Debug|Any CPU
		{1433826E-B821-8FEE-FEEC-F369BE7F3F6F}.Debug|Any CPU.Build.0 = Debug|Any CPU
		{1433826E-B821-8FEE-FEEC-F369BE7F3F6F}.Release|Any CPU.ActiveCfg = Release|Any CPU
		{1433826E-B821-8FEE-FEEC-F369BE7F3F6F}.Release|Any CPU.Build.0 = Release|Any CPU
		{68F54AAD-63CF-4BC9-DAB5-CB22A543B5A1}.Debug|Any CPU.ActiveCfg = Debug|Any CPU
		{68F54AAD-63CF-4BC9-DAB5-CB22A543B5A1}.Debug|Any CPU.Build.0 = Debug|Any CPU
		{68F54AAD-63CF-4BC9-DAB5-CB22A543B5A1}.Release|Any CPU.ActiveCfg = Release|Any CPU
		{68F54AAD-63CF-4BC9-DAB5-CB22A543B5A1}.Release|Any CPU.Build.0 = Release|Any CPU
		{0DA97D77-53F2-7623-8FA1-85E68936AE27}.Debug|Any CPU.ActiveCfg = Debug|Any CPU
		{0DA97D77-53F2-7623-8FA1-85E68936AE27}.Debug|Any CPU.Build.0 = Debug|Any CPU
		{0DA97D77-53F2-7623-8FA1-85E68936AE27}.Release|Any CPU.ActiveCfg = Release|Any CPU
		{0DA97D77-53F2-7623-8FA1-85E68936AE27}.Release|Any CPU.Build.0 = Release|Any CPU
		{9ED13512-9A6D-DD97-E442-3A01BF5C36E2}.Debug|Any CPU.ActiveCfg = Debug|Any CPU
		{9ED13512-9A6D-DD97-E442-3A01BF5C36E2}.Debug|Any CPU.Build.0 = Debug|Any CPU
		{9ED13512-9A6D-DD97-E442-3A01BF5C36E2}.Release|Any CPU.ActiveCfg = Release|Any CPU
		{9ED13512-9A6D-DD97-E442-3A01BF5C36E2}.Release|Any CPU.Build.0 = Release|Any CPU
		{606D011E-0400-F735-CE0F-369325FDB818}.Debug|Any CPU.ActiveCfg = Debug|Any CPU
		{606D011E-0400-F735-CE0F-369325FDB818}.Debug|Any CPU.Build.0 = Debug|Any CPU
		{606D011E-0400-F735-CE0F-369325FDB818}.Release|Any CPU.ActiveCfg = Release|Any CPU
		{606D011E-0400-F735-CE0F-369325FDB818}.Release|Any CPU.Build.0 = Release|Any CPU
		{ED0DAA9B-290F-7241-89E4-E11D1CC8C7AE}.Debug|Any CPU.ActiveCfg = Debug|Any CPU
		{ED0DAA9B-290F-7241-89E4-E11D1CC8C7AE}.Debug|Any CPU.Build.0 = Debug|Any CPU
		{ED0DAA9B-290F-7241-89E4-E11D1CC8C7AE}.Release|Any CPU.ActiveCfg = Release|Any CPU
		{ED0DAA9B-290F-7241-89E4-E11D1CC8C7AE}.Release|Any CPU.Build.0 = Release|Any CPU
		{7CAF8B70-F953-078C-9325-13DD3544F846}.Debug|Any CPU.ActiveCfg = Debug|Any CPU
		{7CAF8B70-F953-078C-9325-13DD3544F846}.Debug|Any CPU.Build.0 = Debug|Any CPU
		{7CAF8B70-F953-078C-9325-13DD3544F846}.Release|Any CPU.ActiveCfg = Release|Any CPU
		{7CAF8B70-F953-078C-9325-13DD3544F846}.Release|Any CPU.Build.0 = Release|Any CPU
		{247D6945-6CED-B846-C74B-538B86C703D5}.Debug|Any CPU.ActiveCfg = Debug|Any CPU
		{247D6945-6CED-B846-C74B-538B86C703D5}.Debug|Any CPU.Build.0 = Debug|Any CPU
		{247D6945-6CED-B846-C74B-538B86C703D5}.Release|Any CPU.ActiveCfg = Release|Any CPU
		{247D6945-6CED-B846-C74B-538B86C703D5}.Release|Any CPU.Build.0 = Release|Any CPU
		{DC070DBC-5DA8-3644-1A05-103A7FC6F9EB}.Debug|Any CPU.ActiveCfg = Debug|Any CPU
		{DC070DBC-5DA8-3644-1A05-103A7FC6F9EB}.Debug|Any CPU.Build.0 = Debug|Any CPU
		{DC070DBC-5DA8-3644-1A05-103A7FC6F9EB}.Release|Any CPU.ActiveCfg = Release|Any CPU
		{DC070DBC-5DA8-3644-1A05-103A7FC6F9EB}.Release|Any CPU.Build.0 = Release|Any CPU
		{2BD07479-E833-F05C-D886-8BEC180A120F}.Debug|Any CPU.ActiveCfg = Debug|Any CPU
		{2BD07479-E833-F05C-D886-8BEC180A120F}.Debug|Any CPU.Build.0 = Debug|Any CPU
		{2BD07479-E833-F05C-D886-8BEC180A120F}.Release|Any CPU.ActiveCfg = Release|Any CPU
		{2BD07479-E833-F05C-D886-8BEC180A120F}.Release|Any CPU.Build.0 = Release|Any CPU
	EndGlobalSection
	GlobalSection(SolutionProperties) = preSolution
		HideSolutionNode = FALSE
	EndGlobalSection
EndGlobal
